// !$*UTF8*$!
{
	archiveVersion = 1;
	classes = {
	};
	objectVersion = 56;
	objects = {

/* Begin PBXBuildFile section */
		39011ABA2B174E53002056C0 /* size_helper.swift in Sources */ = {isa = PBXBuildFile; fileRef = 39011AB92B174E53002056C0 /* size_helper.swift */; };
		39011ABE2B17A0B6002056C0 /* OnboardingFooterView.swift in Sources */ = {isa = PBXBuildFile; fileRef = 39011ABD2B17A0B6002056C0 /* OnboardingFooterView.swift */; };
		390D4BD22B5296CD004F0623 /* HomeJobCountStatsView.swift in Sources */ = {isa = PBXBuildFile; fileRef = 390D4BD12B5296CD004F0623 /* HomeJobCountStatsView.swift */; };
		390D4BD42B52AA4C004F0623 /* HomeRecentJobListView.swift in Sources */ = {isa = PBXBuildFile; fileRef = 390D4BD32B52AA4C004F0623 /* HomeRecentJobListView.swift */; };
		390D4BD72B52AF74004F0623 /* TableView.swift in Sources */ = {isa = PBXBuildFile; fileRef = 390D4BD62B52AF74004F0623 /* TableView.swift */; };
		390D4BDC2B545A77004F0623 /* JobOptionsView.swift in Sources */ = {isa = PBXBuildFile; fileRef = 390D4BDB2B545A76004F0623 /* JobOptionsView.swift */; };
		390D4BE22B55A4D7004F0623 /* JobDetailsVC.swift in Sources */ = {isa = PBXBuildFile; fileRef = 390D4BE12B55A4D7004F0623 /* JobDetailsVC.swift */; };
		390D4BE42B55A4E1004F0623 /* JobDetailsView.swift in Sources */ = {isa = PBXBuildFile; fileRef = 390D4BE32B55A4E1004F0623 /* JobDetailsView.swift */; };
		390D4BE72B55A6AB004F0623 /* JobDetailsHeaderView.swift in Sources */ = {isa = PBXBuildFile; fileRef = 390D4BE62B55A6AB004F0623 /* JobDetailsHeaderView.swift */; };
		390D4BE92B55C087004F0623 /* JobDetailDescriptionAndRequirements.swift in Sources */ = {isa = PBXBuildFile; fileRef = 390D4BE82B55C087004F0623 /* JobDetailDescriptionAndRequirements.swift */; };
		390D4BEB2B55C13F004F0623 /* JobDetailsTagView.swift in Sources */ = {isa = PBXBuildFile; fileRef = 390D4BEA2B55C13F004F0623 /* JobDetailsTagView.swift */; };
		390D4BED2B55DEAE004F0623 /* JobDetailLocationView.swift in Sources */ = {isa = PBXBuildFile; fileRef = 390D4BEC2B55DEAE004F0623 /* JobDetailLocationView.swift */; };
		390D4BEF2B55EC78004F0623 /* JobDetailsInformationView.swift in Sources */ = {isa = PBXBuildFile; fileRef = 390D4BEE2B55EC78004F0623 /* JobDetailsInformationView.swift */; };
		390D4BF12B55FA55004F0623 /* JobDetailFacilitiesView.swift in Sources */ = {isa = PBXBuildFile; fileRef = 390D4BF02B55FA55004F0623 /* JobDetailFacilitiesView.swift */; };
		390D4BF42B55FCA3004F0623 /* JobDetailsButtonView.swift in Sources */ = {isa = PBXBuildFile; fileRef = 390D4BF32B55FCA2004F0623 /* JobDetailsButtonView.swift */; };
		39106BD52B24E26D009BDA0C /* UIViewController+Extension.swift in Sources */ = {isa = PBXBuildFile; fileRef = 39106BD42B24E26D009BDA0C /* UIViewController+Extension.swift */; };
		39106BDE2B24EA08009BDA0C /* CustomStackView.swift in Sources */ = {isa = PBXBuildFile; fileRef = 39106BDD2B24EA08009BDA0C /* CustomStackView.swift */; };
		39106BEA2B253DC9009BDA0C /* String+Extension.swift in Sources */ = {isa = PBXBuildFile; fileRef = 39106BE92B253DC9009BDA0C /* String+Extension.swift */; };
		39106BED2B25B814009BDA0C /* UITextField+Extension.swift in Sources */ = {isa = PBXBuildFile; fileRef = 39106BEC2B25B814009BDA0C /* UITextField+Extension.swift */; };
		39324BF02B4C73C90022D24C /* ForgotPasswordVC.swift in Sources */ = {isa = PBXBuildFile; fileRef = 39324BEF2B4C73C90022D24C /* ForgotPasswordVC.swift */; };
		39324BF42B4C7A540022D24C /* ForgetPasswordView.swift in Sources */ = {isa = PBXBuildFile; fileRef = 39324BF32B4C7A540022D24C /* ForgetPasswordView.swift */; };
		39324BF62B4C7C4E0022D24C /* ForgotPasswordHeaderWithImageView.swift in Sources */ = {isa = PBXBuildFile; fileRef = 39324BF52B4C7C4E0022D24C /* ForgotPasswordHeaderWithImageView.swift */; };
		39324BF92B4C80E30022D24C /* ImageView.swift in Sources */ = {isa = PBXBuildFile; fileRef = 39324BF82B4C80E30022D24C /* ImageView.swift */; };
		39324BFB2B4C89CD0022D24C /* ForgotPasswordFieldsAndButton.swift in Sources */ = {isa = PBXBuildFile; fileRef = 39324BFA2B4C89CD0022D24C /* ForgotPasswordFieldsAndButton.swift */; };
		393FBD862B49EDCC00958F14 /* LoginHeaderView.swift in Sources */ = {isa = PBXBuildFile; fileRef = 393FBD852B49EDCC00958F14 /* LoginHeaderView.swift */; };
		393FBD882B49EE9D00958F14 /* LogicFormsView.swift in Sources */ = {isa = PBXBuildFile; fileRef = 393FBD872B49EE9D00958F14 /* LogicFormsView.swift */; };
		393FBD8A2B49EEA800958F14 /* LoginButtonsView.swift in Sources */ = {isa = PBXBuildFile; fileRef = 393FBD892B49EEA800958F14 /* LoginButtonsView.swift */; };
		393FBD8C2B49EEB200958F14 /* LoginView.swift in Sources */ = {isa = PBXBuildFile; fileRef = 393FBD8B2B49EEB200958F14 /* LoginView.swift */; };
		3941A4932AFD3CD700FD5DFE /* OnboardingView.swift in Sources */ = {isa = PBXBuildFile; fileRef = 3941A4922AFD3CD700FD5DFE /* OnboardingView.swift */; };
		3941A4982AFD3D4E00FD5DFE /* OnBoardingVC.swift in Sources */ = {isa = PBXBuildFile; fileRef = 3941A4972AFD3D4E00FD5DFE /* OnBoardingVC.swift */; };
		3941A49A2AFD3EA600FD5DFE /* OnboardingHeaderWithImage.swift in Sources */ = {isa = PBXBuildFile; fileRef = 3941A4992AFD3EA600FD5DFE /* OnboardingHeaderWithImage.swift */; };
		3941A49C2AFD3EE900FD5DFE /* CustomLabels.swift in Sources */ = {isa = PBXBuildFile; fileRef = 3941A49B2AFD3EE900FD5DFE /* CustomLabels.swift */; };
		394595C42B4ABCF80097CF7F /* EmailTextField.swift in Sources */ = {isa = PBXBuildFile; fileRef = 394595C32B4ABCF80097CF7F /* EmailTextField.swift */; };
		394595C62B4ABD0C0097CF7F /* NameValidatable.swift in Sources */ = {isa = PBXBuildFile; fileRef = 394595C52B4ABD0C0097CF7F /* NameValidatable.swift */; };
		394595C82B4ABD190097CF7F /* PasswordValidatable.swift in Sources */ = {isa = PBXBuildFile; fileRef = 394595C72B4ABD190097CF7F /* PasswordValidatable.swift */; };
		394595CB2B4AC83B0097CF7F /* SpacerView.swift in Sources */ = {isa = PBXBuildFile; fileRef = 394595CA2B4AC83B0097CF7F /* SpacerView.swift */; };
		394595CD2B4ACEF00097CF7F /* PasswordTextField.swift in Sources */ = {isa = PBXBuildFile; fileRef = 394595CC2B4ACEF00097CF7F /* PasswordTextField.swift */; };
		394595D02B4AD0CC0097CF7F /* BaseButton.swift in Sources */ = {isa = PBXBuildFile; fileRef = 394595CF2B4AD0CC0097CF7F /* BaseButton.swift */; };
		394595D22B4C51F80097CF7F /* BaseButton+ViewModel.swift in Sources */ = {isa = PBXBuildFile; fileRef = 394595D12B4C51F80097CF7F /* BaseButton+ViewModel.swift */; };
		394595D42B4C52600097CF7F /* BaseButton+Emun.swift in Sources */ = {isa = PBXBuildFile; fileRef = 394595D32B4C52600097CF7F /* BaseButton+Emun.swift */; };
		395FD6972B4F44F7006C539C /* UIImage+Extension.swift in Sources */ = {isa = PBXBuildFile; fileRef = 395FD6962B4F44F7006C539C /* UIImage+Extension.swift */; };
		3974C3DE2B4EE1A800079530 /* CGFloat+Extension.swift in Sources */ = {isa = PBXBuildFile; fileRef = 3974C3DD2B4EE1A800079530 /* CGFloat+Extension.swift */; };
		3974C3E02B4EE30100079530 /* Double+Extension.swift in Sources */ = {isa = PBXBuildFile; fileRef = 3974C3DF2B4EE30100079530 /* Double+Extension.swift */; };
		3974C3E22B4EE38100079530 /* Int+Extension.swift in Sources */ = {isa = PBXBuildFile; fileRef = 3974C3E12B4EE38100079530 /* Int+Extension.swift */; };
		3974C3E72B4EEAD400079530 /* HomeVC.swift in Sources */ = {isa = PBXBuildFile; fileRef = 3974C3E62B4EEAD400079530 /* HomeVC.swift */; };
		3974C3E92B4EEAEA00079530 /* HomeView.swift in Sources */ = {isa = PBXBuildFile; fileRef = 3974C3E82B4EEAEA00079530 /* HomeView.swift */; };
		3974C3EC2B4EFBA400079530 /* ScrollableStackView.swift in Sources */ = {isa = PBXBuildFile; fileRef = 3974C3EB2B4EFBA400079530 /* ScrollableStackView.swift */; };
		3974C3EE2B4EFF6F00079530 /* HomeHeaderView.swift in Sources */ = {isa = PBXBuildFile; fileRef = 3974C3ED2B4EFF6F00079530 /* HomeHeaderView.swift */; };
		3974C3F02B4F0A0D00079530 /* HomeBannerView.swift in Sources */ = {isa = PBXBuildFile; fileRef = 3974C3EF2B4F0A0D00079530 /* HomeBannerView.swift */; };
		3974C3F32B4F0A6A00079530 /* BoxView.swift in Sources */ = {isa = PBXBuildFile; fileRef = 3974C3F22B4F0A6A00079530 /* BoxView.swift */; };
		3974C3F62B4F0C0E00079530 /* UIColor+Extension.swift in Sources */ = {isa = PBXBuildFile; fileRef = 3974C3F52B4F0C0E00079530 /* UIColor+Extension.swift */; };
		398A78CE2B4C90D1009F6027 /* ResetPasswordView.swift in Sources */ = {isa = PBXBuildFile; fileRef = 398A78CD2B4C90D0009F6027 /* ResetPasswordView.swift */; };
		398A78D02B4C92C8009F6027 /* ResetPasswordVC.swift in Sources */ = {isa = PBXBuildFile; fileRef = 398A78CF2B4C92C8009F6027 /* ResetPasswordVC.swift */; };
		398A78D22B4C975D009F6027 /* ResetPasswordHeaderWidget.swift in Sources */ = {isa = PBXBuildFile; fileRef = 398A78D12B4C975D009F6027 /* ResetPasswordHeaderWidget.swift */; };
		398A78D42B4C99B3009F6027 /* ResetPasswordTextFieldAndButton.swift in Sources */ = {isa = PBXBuildFile; fileRef = 398A78D32B4C99B3009F6027 /* ResetPasswordTextFieldAndButton.swift */; };
		398A78D72B4C9BFF009F6027 /* CodeTextField.swift in Sources */ = {isa = PBXBuildFile; fileRef = 398A78D62B4C9BFF009F6027 /* CodeTextField.swift */; };
		398A78D92B4C9C5B009F6027 /* CodeValidatable.swift in Sources */ = {isa = PBXBuildFile; fileRef = 398A78D82B4C9C5B009F6027 /* CodeValidatable.swift */; };
		3991633C2A885840003A5343 /* HomeFindJobView.swift in Sources */ = {isa = PBXBuildFile; fileRef = 3991633B2A885840003A5343 /* HomeFindJobView.swift */; };
		39DE80572B49BBA20034F517 /* FormValidationState.swift in Sources */ = {isa = PBXBuildFile; fileRef = 39DE80502B49BBA20034F517 /* FormValidationState.swift */; };
		39DE80582B49BBA20034F517 /* EmailValidatable.swift in Sources */ = {isa = PBXBuildFile; fileRef = 39DE80522B49BBA20034F517 /* EmailValidatable.swift */; };
		39DE80592B49BBA20034F517 /* BaseValidatable.swift in Sources */ = {isa = PBXBuildFile; fileRef = 39DE80532B49BBA20034F517 /* BaseValidatable.swift */; };
		39DE805A2B49BBA20034F517 /* BaseTextField+ViewModel.swift in Sources */ = {isa = PBXBuildFile; fileRef = 39DE80542B49BBA20034F517 /* BaseTextField+ViewModel.swift */; };
		39DE805B2B49BBA20034F517 /* BaseTextField+Enum.swift in Sources */ = {isa = PBXBuildFile; fileRef = 39DE80552B49BBA20034F517 /* BaseTextField+Enum.swift */; };
		39DE805C2B49BBA20034F517 /* BaseTextField.swift in Sources */ = {isa = PBXBuildFile; fileRef = 39DE80562B49BBA20034F517 /* BaseTextField.swift */; };
		39DE805F2B49BC280034F517 /* Publisher+Extension.swift in Sources */ = {isa = PBXBuildFile; fileRef = 39DE805E2B49BC280034F517 /* Publisher+Extension.swift */; };
		39DE80622B49CF110034F517 /* LoginVC.swift in Sources */ = {isa = PBXBuildFile; fileRef = 39DE80612B49CF110034F517 /* LoginVC.swift */; };
		39DE80652B49DFC30034F517 /* UIView+Extension.swift in Sources */ = {isa = PBXBuildFile; fileRef = 39DE80642B49DFC30034F517 /* UIView+Extension.swift */; };
		39FCC2CD2A8807F900A50A7A /* AppDelegate.swift in Sources */ = {isa = PBXBuildFile; fileRef = 39FCC2CC2A8807F900A50A7A /* AppDelegate.swift */; };
		39FCC2D12A8807F900A50A7A /* HomeTabViewController.swift in Sources */ = {isa = PBXBuildFile; fileRef = 39FCC2D02A8807F900A50A7A /* HomeTabViewController.swift */; };
		39FCC2D62A8807FB00A50A7A /* Assets.xcassets in Resources */ = {isa = PBXBuildFile; fileRef = 39FCC2D52A8807FB00A50A7A /* Assets.xcassets */; };
		39FCC2D92A8807FB00A50A7A /* LaunchScreen.storyboard in Resources */ = {isa = PBXBuildFile; fileRef = 39FCC2D72A8807FB00A50A7A /* LaunchScreen.storyboard */; };
		39FCC2E32A880C6F00A50A7A /* SharedComponent.swift in Sources */ = {isa = PBXBuildFile; fileRef = 39FCC2E22A880C6F00A50A7A /* SharedComponent.swift */; };
		39FCC2E72A880CF600A50A7A /* HomeHeaderViewg.swift in Sources */ = {isa = PBXBuildFile; fileRef = 39FCC2E62A880CF600A50A7A /* HomeHeaderViewg.swift */; };
		39FCC2E92A88174400A50A7A /* HomeBannerViewd.swift in Sources */ = {isa = PBXBuildFile; fileRef = 39FCC2E82A88174400A50A7A /* HomeBannerViewd.swift */; };
/* End PBXBuildFile section */

/* Begin PBXFileReference section */
		39011AB92B174E53002056C0 /* size_helper.swift */ = {isa = PBXFileReference; lastKnownFileType = sourcecode.swift; path = size_helper.swift; sourceTree = "<group>"; };
		39011ABD2B17A0B6002056C0 /* OnboardingFooterView.swift */ = {isa = PBXFileReference; lastKnownFileType = sourcecode.swift; path = OnboardingFooterView.swift; sourceTree = "<group>"; };
		390D4BD12B5296CD004F0623 /* HomeJobCountStatsView.swift */ = {isa = PBXFileReference; lastKnownFileType = sourcecode.swift; path = HomeJobCountStatsView.swift; sourceTree = "<group>"; };
		390D4BD32B52AA4C004F0623 /* HomeRecentJobListView.swift */ = {isa = PBXFileReference; lastKnownFileType = sourcecode.swift; path = HomeRecentJobListView.swift; sourceTree = "<group>"; };
		390D4BD62B52AF74004F0623 /* TableView.swift */ = {isa = PBXFileReference; lastKnownFileType = sourcecode.swift; path = TableView.swift; sourceTree = "<group>"; };
		390D4BDB2B545A76004F0623 /* JobOptionsView.swift */ = {isa = PBXFileReference; lastKnownFileType = sourcecode.swift; path = JobOptionsView.swift; sourceTree = "<group>"; };
		390D4BE12B55A4D7004F0623 /* JobDetailsVC.swift */ = {isa = PBXFileReference; lastKnownFileType = sourcecode.swift; path = JobDetailsVC.swift; sourceTree = "<group>"; };
		390D4BE32B55A4E1004F0623 /* JobDetailsView.swift */ = {isa = PBXFileReference; lastKnownFileType = sourcecode.swift; path = JobDetailsView.swift; sourceTree = "<group>"; };
		390D4BE62B55A6AB004F0623 /* JobDetailsHeaderView.swift */ = {isa = PBXFileReference; lastKnownFileType = sourcecode.swift; path = JobDetailsHeaderView.swift; sourceTree = "<group>"; };
		390D4BE82B55C087004F0623 /* JobDetailDescriptionAndRequirements.swift */ = {isa = PBXFileReference; lastKnownFileType = sourcecode.swift; path = JobDetailDescriptionAndRequirements.swift; sourceTree = "<group>"; };
		390D4BEA2B55C13F004F0623 /* JobDetailsTagView.swift */ = {isa = PBXFileReference; lastKnownFileType = sourcecode.swift; path = JobDetailsTagView.swift; sourceTree = "<group>"; };
		390D4BEC2B55DEAE004F0623 /* JobDetailLocationView.swift */ = {isa = PBXFileReference; lastKnownFileType = sourcecode.swift; path = JobDetailLocationView.swift; sourceTree = "<group>"; };
		390D4BEE2B55EC78004F0623 /* JobDetailsInformationView.swift */ = {isa = PBXFileReference; lastKnownFileType = sourcecode.swift; path = JobDetailsInformationView.swift; sourceTree = "<group>"; };
		390D4BF02B55FA55004F0623 /* JobDetailFacilitiesView.swift */ = {isa = PBXFileReference; lastKnownFileType = sourcecode.swift; path = JobDetailFacilitiesView.swift; sourceTree = "<group>"; };
		390D4BF32B55FCA2004F0623 /* JobDetailsButtonView.swift */ = {isa = PBXFileReference; lastKnownFileType = sourcecode.swift; path = JobDetailsButtonView.swift; sourceTree = "<group>"; };
		39106BD42B24E26D009BDA0C /* UIViewController+Extension.swift */ = {isa = PBXFileReference; lastKnownFileType = sourcecode.swift; path = "UIViewController+Extension.swift"; sourceTree = "<group>"; };
		39106BDD2B24EA08009BDA0C /* CustomStackView.swift */ = {isa = PBXFileReference; lastKnownFileType = sourcecode.swift; path = CustomStackView.swift; sourceTree = "<group>"; };
		39106BE92B253DC9009BDA0C /* String+Extension.swift */ = {isa = PBXFileReference; lastKnownFileType = sourcecode.swift; path = "String+Extension.swift"; sourceTree = "<group>"; };
		39106BEC2B25B814009BDA0C /* UITextField+Extension.swift */ = {isa = PBXFileReference; lastKnownFileType = sourcecode.swift; path = "UITextField+Extension.swift"; sourceTree = "<group>"; };
		39324BEF2B4C73C90022D24C /* ForgotPasswordVC.swift */ = {isa = PBXFileReference; lastKnownFileType = sourcecode.swift; path = ForgotPasswordVC.swift; sourceTree = "<group>"; };
		39324BF32B4C7A540022D24C /* ForgetPasswordView.swift */ = {isa = PBXFileReference; lastKnownFileType = sourcecode.swift; path = ForgetPasswordView.swift; sourceTree = "<group>"; };
		39324BF52B4C7C4E0022D24C /* ForgotPasswordHeaderWithImageView.swift */ = {isa = PBXFileReference; lastKnownFileType = sourcecode.swift; path = ForgotPasswordHeaderWithImageView.swift; sourceTree = "<group>"; };
		39324BF82B4C80E30022D24C /* ImageView.swift */ = {isa = PBXFileReference; lastKnownFileType = sourcecode.swift; path = ImageView.swift; sourceTree = "<group>"; };
		39324BFA2B4C89CD0022D24C /* ForgotPasswordFieldsAndButton.swift */ = {isa = PBXFileReference; lastKnownFileType = sourcecode.swift; path = ForgotPasswordFieldsAndButton.swift; sourceTree = "<group>"; };
		393FBD852B49EDCC00958F14 /* LoginHeaderView.swift */ = {isa = PBXFileReference; lastKnownFileType = sourcecode.swift; path = LoginHeaderView.swift; sourceTree = "<group>"; };
		393FBD872B49EE9D00958F14 /* LogicFormsView.swift */ = {isa = PBXFileReference; lastKnownFileType = sourcecode.swift; path = LogicFormsView.swift; sourceTree = "<group>"; };
		393FBD892B49EEA800958F14 /* LoginButtonsView.swift */ = {isa = PBXFileReference; lastKnownFileType = sourcecode.swift; path = LoginButtonsView.swift; sourceTree = "<group>"; };
		393FBD8B2B49EEB200958F14 /* LoginView.swift */ = {isa = PBXFileReference; lastKnownFileType = sourcecode.swift; path = LoginView.swift; sourceTree = "<group>"; };
		3941A4922AFD3CD700FD5DFE /* OnboardingView.swift */ = {isa = PBXFileReference; lastKnownFileType = sourcecode.swift; path = OnboardingView.swift; sourceTree = "<group>"; };
		3941A4972AFD3D4E00FD5DFE /* OnBoardingVC.swift */ = {isa = PBXFileReference; lastKnownFileType = sourcecode.swift; path = OnBoardingVC.swift; sourceTree = "<group>"; };
		3941A4992AFD3EA600FD5DFE /* OnboardingHeaderWithImage.swift */ = {isa = PBXFileReference; lastKnownFileType = sourcecode.swift; path = OnboardingHeaderWithImage.swift; sourceTree = "<group>"; };
		3941A49B2AFD3EE900FD5DFE /* CustomLabels.swift */ = {isa = PBXFileReference; lastKnownFileType = sourcecode.swift; path = CustomLabels.swift; sourceTree = "<group>"; };
		394595C32B4ABCF80097CF7F /* EmailTextField.swift */ = {isa = PBXFileReference; lastKnownFileType = sourcecode.swift; path = EmailTextField.swift; sourceTree = "<group>"; };
		394595C52B4ABD0C0097CF7F /* NameValidatable.swift */ = {isa = PBXFileReference; lastKnownFileType = sourcecode.swift; path = NameValidatable.swift; sourceTree = "<group>"; };
		394595C72B4ABD190097CF7F /* PasswordValidatable.swift */ = {isa = PBXFileReference; lastKnownFileType = sourcecode.swift; path = PasswordValidatable.swift; sourceTree = "<group>"; };
		394595CA2B4AC83B0097CF7F /* SpacerView.swift */ = {isa = PBXFileReference; lastKnownFileType = sourcecode.swift; path = SpacerView.swift; sourceTree = "<group>"; };
		394595CC2B4ACEF00097CF7F /* PasswordTextField.swift */ = {isa = PBXFileReference; lastKnownFileType = sourcecode.swift; path = PasswordTextField.swift; sourceTree = "<group>"; };
		394595CF2B4AD0CC0097CF7F /* BaseButton.swift */ = {isa = PBXFileReference; lastKnownFileType = sourcecode.swift; path = BaseButton.swift; sourceTree = "<group>"; };
		394595D12B4C51F80097CF7F /* BaseButton+ViewModel.swift */ = {isa = PBXFileReference; lastKnownFileType = sourcecode.swift; path = "BaseButton+ViewModel.swift"; sourceTree = "<group>"; };
		394595D32B4C52600097CF7F /* BaseButton+Emun.swift */ = {isa = PBXFileReference; lastKnownFileType = sourcecode.swift; path = "BaseButton+Emun.swift"; sourceTree = "<group>"; };
		395FD6962B4F44F7006C539C /* UIImage+Extension.swift */ = {isa = PBXFileReference; lastKnownFileType = sourcecode.swift; path = "UIImage+Extension.swift"; sourceTree = "<group>"; };
		3974C3DD2B4EE1A800079530 /* CGFloat+Extension.swift */ = {isa = PBXFileReference; lastKnownFileType = sourcecode.swift; path = "CGFloat+Extension.swift"; sourceTree = "<group>"; };
		3974C3DF2B4EE30100079530 /* Double+Extension.swift */ = {isa = PBXFileReference; lastKnownFileType = sourcecode.swift; path = "Double+Extension.swift"; sourceTree = "<group>"; };
		3974C3E12B4EE38100079530 /* Int+Extension.swift */ = {isa = PBXFileReference; lastKnownFileType = sourcecode.swift; path = "Int+Extension.swift"; sourceTree = "<group>"; };
		3974C3E62B4EEAD400079530 /* HomeVC.swift */ = {isa = PBXFileReference; lastKnownFileType = sourcecode.swift; path = HomeVC.swift; sourceTree = "<group>"; };
		3974C3E82B4EEAEA00079530 /* HomeView.swift */ = {isa = PBXFileReference; lastKnownFileType = sourcecode.swift; path = HomeView.swift; sourceTree = "<group>"; };
		3974C3EB2B4EFBA400079530 /* ScrollableStackView.swift */ = {isa = PBXFileReference; lastKnownFileType = sourcecode.swift; path = ScrollableStackView.swift; sourceTree = "<group>"; };
		3974C3ED2B4EFF6F00079530 /* HomeHeaderView.swift */ = {isa = PBXFileReference; lastKnownFileType = sourcecode.swift; path = HomeHeaderView.swift; sourceTree = "<group>"; };
		3974C3EF2B4F0A0D00079530 /* HomeBannerView.swift */ = {isa = PBXFileReference; lastKnownFileType = sourcecode.swift; path = HomeBannerView.swift; sourceTree = "<group>"; };
		3974C3F22B4F0A6A00079530 /* BoxView.swift */ = {isa = PBXFileReference; lastKnownFileType = sourcecode.swift; path = BoxView.swift; sourceTree = "<group>"; };
		3974C3F52B4F0C0E00079530 /* UIColor+Extension.swift */ = {isa = PBXFileReference; lastKnownFileType = sourcecode.swift; path = "UIColor+Extension.swift"; sourceTree = "<group>"; };
		398A78CD2B4C90D0009F6027 /* ResetPasswordView.swift */ = {isa = PBXFileReference; lastKnownFileType = sourcecode.swift; path = ResetPasswordView.swift; sourceTree = "<group>"; };
		398A78CF2B4C92C8009F6027 /* ResetPasswordVC.swift */ = {isa = PBXFileReference; lastKnownFileType = sourcecode.swift; path = ResetPasswordVC.swift; sourceTree = "<group>"; };
		398A78D12B4C975D009F6027 /* ResetPasswordHeaderWidget.swift */ = {isa = PBXFileReference; lastKnownFileType = sourcecode.swift; path = ResetPasswordHeaderWidget.swift; sourceTree = "<group>"; };
		398A78D32B4C99B3009F6027 /* ResetPasswordTextFieldAndButton.swift */ = {isa = PBXFileReference; lastKnownFileType = sourcecode.swift; path = ResetPasswordTextFieldAndButton.swift; sourceTree = "<group>"; };
		398A78D62B4C9BFF009F6027 /* CodeTextField.swift */ = {isa = PBXFileReference; lastKnownFileType = sourcecode.swift; path = CodeTextField.swift; sourceTree = "<group>"; };
		398A78D82B4C9C5B009F6027 /* CodeValidatable.swift */ = {isa = PBXFileReference; lastKnownFileType = sourcecode.swift; path = CodeValidatable.swift; sourceTree = "<group>"; };
		3991633B2A885840003A5343 /* HomeFindJobView.swift */ = {isa = PBXFileReference; lastKnownFileType = sourcecode.swift; path = HomeFindJobView.swift; sourceTree = "<group>"; };
		39DE80502B49BBA20034F517 /* FormValidationState.swift */ = {isa = PBXFileReference; fileEncoding = 4; lastKnownFileType = sourcecode.swift; path = FormValidationState.swift; sourceTree = "<group>"; };
		39DE80522B49BBA20034F517 /* EmailValidatable.swift */ = {isa = PBXFileReference; fileEncoding = 4; lastKnownFileType = sourcecode.swift; path = EmailValidatable.swift; sourceTree = "<group>"; };
		39DE80532B49BBA20034F517 /* BaseValidatable.swift */ = {isa = PBXFileReference; fileEncoding = 4; lastKnownFileType = sourcecode.swift; path = BaseValidatable.swift; sourceTree = "<group>"; };
		39DE80542B49BBA20034F517 /* BaseTextField+ViewModel.swift */ = {isa = PBXFileReference; fileEncoding = 4; lastKnownFileType = sourcecode.swift; path = "BaseTextField+ViewModel.swift"; sourceTree = "<group>"; };
		39DE80552B49BBA20034F517 /* BaseTextField+Enum.swift */ = {isa = PBXFileReference; fileEncoding = 4; lastKnownFileType = sourcecode.swift; path = "BaseTextField+Enum.swift"; sourceTree = "<group>"; };
		39DE80562B49BBA20034F517 /* BaseTextField.swift */ = {isa = PBXFileReference; fileEncoding = 4; lastKnownFileType = sourcecode.swift; path = BaseTextField.swift; sourceTree = "<group>"; };
		39DE805E2B49BC280034F517 /* Publisher+Extension.swift */ = {isa = PBXFileReference; lastKnownFileType = sourcecode.swift; path = "Publisher+Extension.swift"; sourceTree = "<group>"; };
		39DE80612B49CF110034F517 /* LoginVC.swift */ = {isa = PBXFileReference; lastKnownFileType = sourcecode.swift; path = LoginVC.swift; sourceTree = "<group>"; };
		39DE80642B49DFC30034F517 /* UIView+Extension.swift */ = {isa = PBXFileReference; lastKnownFileType = sourcecode.swift; path = "UIView+Extension.swift"; sourceTree = "<group>"; };
		39FCC2C92A8807F900A50A7A /* JobSpot.app */ = {isa = PBXFileReference; explicitFileType = wrapper.application; includeInIndex = 0; path = JobSpot.app; sourceTree = BUILT_PRODUCTS_DIR; };
		39FCC2CC2A8807F900A50A7A /* AppDelegate.swift */ = {isa = PBXFileReference; lastKnownFileType = sourcecode.swift; path = AppDelegate.swift; sourceTree = "<group>"; };
		39FCC2D02A8807F900A50A7A /* HomeTabViewController.swift */ = {isa = PBXFileReference; lastKnownFileType = sourcecode.swift; path = HomeTabViewController.swift; sourceTree = "<group>"; };
		39FCC2D52A8807FB00A50A7A /* Assets.xcassets */ = {isa = PBXFileReference; lastKnownFileType = folder.assetcatalog; path = Assets.xcassets; sourceTree = "<group>"; };
		39FCC2D82A8807FB00A50A7A /* Base */ = {isa = PBXFileReference; lastKnownFileType = file.storyboard; name = Base; path = Base.lproj/LaunchScreen.storyboard; sourceTree = "<group>"; };
		39FCC2DA2A8807FB00A50A7A /* Info.plist */ = {isa = PBXFileReference; lastKnownFileType = text.plist.xml; path = Info.plist; sourceTree = "<group>"; };
		39FCC2E22A880C6F00A50A7A /* SharedComponent.swift */ = {isa = PBXFileReference; lastKnownFileType = sourcecode.swift; path = SharedComponent.swift; sourceTree = "<group>"; };
		39FCC2E62A880CF600A50A7A /* HomeHeaderViewg.swift */ = {isa = PBXFileReference; lastKnownFileType = sourcecode.swift; path = HomeHeaderViewg.swift; sourceTree = "<group>"; };
		39FCC2E82A88174400A50A7A /* HomeBannerViewd.swift */ = {isa = PBXFileReference; lastKnownFileType = sourcecode.swift; path = HomeBannerViewd.swift; sourceTree = "<group>"; };
/* End PBXFileReference section */

/* Begin PBXFrameworksBuildPhase section */
		39FCC2C62A8807F900A50A7A /* Frameworks */ = {
			isa = PBXFrameworksBuildPhase;
			buildActionMask = 2147483647;
			files = (
			);
			runOnlyForDeploymentPostprocessing = 0;
		};
/* End PBXFrameworksBuildPhase section */

/* Begin PBXGroup section */
		390D4BCE2B52966B004F0623 /* Jobs */ = {
			isa = PBXGroup;
			children = (
				390D4BCF2B529693004F0623 /* Views */,
			);
			path = Jobs;
			sourceTree = "<group>";
		};
		390D4BCF2B529693004F0623 /* Views */ = {
			isa = PBXGroup;
			children = (
				390D4BDF2B55A4A8004F0623 /* Views */,
				390D4BDD2B55A457004F0623 /* VC */,
				390D4BD02B5296AF004F0623 /* Components */,
			);
			path = Views;
			sourceTree = "<group>";
		};
		390D4BD02B5296AF004F0623 /* Components */ = {
			isa = PBXGroup;
			children = (
				390D4BD12B5296CD004F0623 /* HomeJobCountStatsView.swift */,
				390D4BD32B52AA4C004F0623 /* HomeRecentJobListView.swift */,
				390D4BDB2B545A76004F0623 /* JobOptionsView.swift */,
			);
			path = Components;
			sourceTree = "<group>";
		};
		390D4BD52B52AF65004F0623 /* TableView */ = {
			isa = PBXGroup;
			children = (
				390D4BD62B52AF74004F0623 /* TableView.swift */,
			);
			path = TableView;
			sourceTree = "<group>";
		};
		390D4BDD2B55A457004F0623 /* VC */ = {
			isa = PBXGroup;
			children = (
				390D4BDE2B55A48B004F0623 /* JobDetails */,
			);
			path = VC;
			sourceTree = "<group>";
		};
		390D4BDE2B55A48B004F0623 /* JobDetails */ = {
			isa = PBXGroup;
			children = (
				390D4BE12B55A4D7004F0623 /* JobDetailsVC.swift */,
			);
			path = JobDetails;
			sourceTree = "<group>";
		};
		390D4BDF2B55A4A8004F0623 /* Views */ = {
			isa = PBXGroup;
			children = (
				390D4BE02B55A4B9004F0623 /* JobDetails */,
			);
			path = Views;
			sourceTree = "<group>";
		};
		390D4BE02B55A4B9004F0623 /* JobDetails */ = {
			isa = PBXGroup;
			children = (
				390D4BE52B55A4E8004F0623 /* Components */,
				390D4BE32B55A4E1004F0623 /* JobDetailsView.swift */,
			);
			path = JobDetails;
			sourceTree = "<group>";
		};
		390D4BE52B55A4E8004F0623 /* Components */ = {
			isa = PBXGroup;
			children = (
				390D4BE62B55A6AB004F0623 /* JobDetailsHeaderView.swift */,
				390D4BE82B55C087004F0623 /* JobDetailDescriptionAndRequirements.swift */,
				390D4BEA2B55C13F004F0623 /* JobDetailsTagView.swift */,
				390D4BEC2B55DEAE004F0623 /* JobDetailLocationView.swift */,
				390D4BEE2B55EC78004F0623 /* JobDetailsInformationView.swift */,
				390D4BF02B55FA55004F0623 /* JobDetailFacilitiesView.swift */,
				390D4BF32B55FCA2004F0623 /* JobDetailsButtonView.swift */,
			);
			path = Components;
			sourceTree = "<group>";
		};
		39106BD32B24E250009BDA0C /* UIViewController */ = {
			isa = PBXGroup;
			children = (
				39106BD42B24E26D009BDA0C /* UIViewController+Extension.swift */,
			);
			path = UIViewController;
			sourceTree = "<group>";
		};
		39106BD62B24E3D5009BDA0C /* Components */ = {
			isa = PBXGroup;
			children = (
				390D4BD52B52AF65004F0623 /* TableView */,
				3974C3F12B4F0A5B00079530 /* Box */,
				3974C3EA2B4EFB8900079530 /* ScrollableStack */,
				39324BF72B4C80D70022D24C /* Image */,
				394595CE2B4AD0AF0097CF7F /* Button */,
				394595C92B4AC8250097CF7F /* Spacer */,
				39DE804D2B49BBA20034F517 /* TextField */,
				39106BDC2B24E9EC009BDA0C /* StackView */,
			);
			path = Components;
			sourceTree = "<group>";
		};
		39106BDC2B24E9EC009BDA0C /* StackView */ = {
			isa = PBXGroup;
			children = (
				39106BDD2B24EA08009BDA0C /* CustomStackView.swift */,
			);
			path = StackView;
			sourceTree = "<group>";
		};
		39106BE82B253DB6009BDA0C /* String */ = {
			isa = PBXGroup;
			children = (
				39106BE92B253DC9009BDA0C /* String+Extension.swift */,
			);
			path = String;
			sourceTree = "<group>";
		};
		39106BEB2B25B7FB009BDA0C /* UITextField */ = {
			isa = PBXGroup;
			children = (
				39106BEC2B25B814009BDA0C /* UITextField+Extension.swift */,
			);
			path = UITextField;
			sourceTree = "<group>";
		};
		39324BEE2B4C73B30022D24C /* ForgotPassword */ = {
			isa = PBXGroup;
			children = (
				39324BEF2B4C73C90022D24C /* ForgotPasswordVC.swift */,
				398A78CF2B4C92C8009F6027 /* ResetPasswordVC.swift */,
			);
			path = ForgotPassword;
			sourceTree = "<group>";
		};
		39324BF12B4C78FF0022D24C /* ForgotPassword */ = {
			isa = PBXGroup;
			children = (
				39324BF22B4C7A3C0022D24C /* Components */,
				39324BF32B4C7A540022D24C /* ForgetPasswordView.swift */,
				398A78CD2B4C90D0009F6027 /* ResetPasswordView.swift */,
			);
			path = ForgotPassword;
			sourceTree = "<group>";
		};
		39324BF22B4C7A3C0022D24C /* Components */ = {
			isa = PBXGroup;
			children = (
				39324BF52B4C7C4E0022D24C /* ForgotPasswordHeaderWithImageView.swift */,
				39324BFA2B4C89CD0022D24C /* ForgotPasswordFieldsAndButton.swift */,
				398A78D12B4C975D009F6027 /* ResetPasswordHeaderWidget.swift */,
				398A78D32B4C99B3009F6027 /* ResetPasswordTextFieldAndButton.swift */,
			);
			path = Components;
			sourceTree = "<group>";
		};
		39324BF72B4C80D70022D24C /* Image */ = {
			isa = PBXGroup;
			children = (
				39324BF82B4C80E30022D24C /* ImageView.swift */,
			);
			path = Image;
			sourceTree = "<group>";
		};
		393FBD812B49EBE700958F14 /* Login */ = {
			isa = PBXGroup;
			children = (
				393FBD842B49EDAE00958F14 /* Components */,
				393FBD8B2B49EEB200958F14 /* LoginView.swift */,
			);
			path = Login;
			sourceTree = "<group>";
		};
		393FBD822B49ED7400958F14 /* Onboarding */ = {
			isa = PBXGroup;
			children = (
				3941A4972AFD3D4E00FD5DFE /* OnBoardingVC.swift */,
			);
			path = Onboarding;
			sourceTree = "<group>";
		};
		393FBD832B49ED9500958F14 /* Onboarding */ = {
			isa = PBXGroup;
			children = (
				3941A4952AFD3CE800FD5DFE /* Components */,
				3941A4922AFD3CD700FD5DFE /* OnboardingView.swift */,
			);
			path = Onboarding;
			sourceTree = "<group>";
		};
		393FBD842B49EDAE00958F14 /* Components */ = {
			isa = PBXGroup;
			children = (
				393FBD852B49EDCC00958F14 /* LoginHeaderView.swift */,
				393FBD872B49EE9D00958F14 /* LogicFormsView.swift */,
				393FBD892B49EEA800958F14 /* LoginButtonsView.swift */,
			);
			path = Components;
			sourceTree = "<group>";
		};
		3941A48D2AFD3B1200FD5DFE /* Cores */ = {
			isa = PBXGroup;
			children = (
				39106BD62B24E3D5009BDA0C /* Components */,
				3941A48F2AFD3B5400FD5DFE /* Helpers */,
				3941A48E2AFD3B3700FD5DFE /* Extensions */,
				39FCC2E02A880C4B00A50A7A /* SharedComponent */,
			);
			path = Cores;
			sourceTree = "<group>";
		};
		3941A48E2AFD3B3700FD5DFE /* Extensions */ = {
			isa = PBXGroup;
			children = (
				395FD6952B4F44E1006C539C /* UIImage */,
				3974C3F42B4F0BFA00079530 /* UIColor */,
				3974C3DC2B4EE0F600079530 /* Numbers */,
				39DE80632B49DFB00034F517 /* UIView */,
				39DE805D2B49BBF40034F517 /* Publisher */,
				39106BEB2B25B7FB009BDA0C /* UITextField */,
				39106BE82B253DB6009BDA0C /* String */,
				39106BD32B24E250009BDA0C /* UIViewController */,
			);
			path = Extensions;
			sourceTree = "<group>";
		};
		3941A48F2AFD3B5400FD5DFE /* Helpers */ = {
			isa = PBXGroup;
			children = (
				39011AB92B174E53002056C0 /* size_helper.swift */,
			);
			path = Helpers;
			sourceTree = "<group>";
		};
		3941A4902AFD3C9000FD5DFE /* Features */ = {
			isa = PBXGroup;
			children = (
				390D4BCE2B52966B004F0623 /* Jobs */,
				3974C3DB2B4ECEA500079530 /* Home */,
				3941A4912AFD3CB200FD5DFE /* Auth */,
			);
			path = Features;
			sourceTree = "<group>";
		};
		3941A4912AFD3CB200FD5DFE /* Auth */ = {
			isa = PBXGroup;
			children = (
				3941A4962AFD3D3E00FD5DFE /* VC */,
				3941A4942AFD3CE100FD5DFE /* Views */,
			);
			path = Auth;
			sourceTree = "<group>";
		};
		3941A4942AFD3CE100FD5DFE /* Views */ = {
			isa = PBXGroup;
			children = (
				39324BF12B4C78FF0022D24C /* ForgotPassword */,
				393FBD832B49ED9500958F14 /* Onboarding */,
				393FBD812B49EBE700958F14 /* Login */,
			);
			path = Views;
			sourceTree = "<group>";
		};
		3941A4952AFD3CE800FD5DFE /* Components */ = {
			isa = PBXGroup;
			children = (
				3941A4992AFD3EA600FD5DFE /* OnboardingHeaderWithImage.swift */,
				39011ABD2B17A0B6002056C0 /* OnboardingFooterView.swift */,
			);
			path = Components;
			sourceTree = "<group>";
		};
		3941A4962AFD3D3E00FD5DFE /* VC */ = {
			isa = PBXGroup;
			children = (
				39324BEE2B4C73B30022D24C /* ForgotPassword */,
				393FBD822B49ED7400958F14 /* Onboarding */,
				39DE80602B49CF050034F517 /* Login */,
			);
			path = VC;
			sourceTree = "<group>";
		};
		394595C22B4ABCD60097CF7F /* BaseTextFieldExtensions */ = {
			isa = PBXGroup;
			children = (
				394595C32B4ABCF80097CF7F /* EmailTextField.swift */,
				394595CC2B4ACEF00097CF7F /* PasswordTextField.swift */,
				398A78D62B4C9BFF009F6027 /* CodeTextField.swift */,
			);
			path = BaseTextFieldExtensions;
			sourceTree = "<group>";
		};
		394595C92B4AC8250097CF7F /* Spacer */ = {
			isa = PBXGroup;
			children = (
				394595CA2B4AC83B0097CF7F /* SpacerView.swift */,
			);
			path = Spacer;
			sourceTree = "<group>";
		};
		394595CE2B4AD0AF0097CF7F /* Button */ = {
			isa = PBXGroup;
			children = (
				398A78DA2B4C9DBA009F6027 /* BaseButtonExtension */,
				394595CF2B4AD0CC0097CF7F /* BaseButton.swift */,
				394595D12B4C51F80097CF7F /* BaseButton+ViewModel.swift */,
				394595D32B4C52600097CF7F /* BaseButton+Emun.swift */,
			);
			path = Button;
			sourceTree = "<group>";
		};
		395FD6952B4F44E1006C539C /* UIImage */ = {
			isa = PBXGroup;
			children = (
				395FD6962B4F44F7006C539C /* UIImage+Extension.swift */,
			);
			path = UIImage;
			sourceTree = "<group>";
		};
		3974C3DB2B4ECEA500079530 /* Home */ = {
			isa = PBXGroup;
			children = (
				3974C3E42B4EE96900079530 /* Views */,
				3974C3E32B4EE96000079530 /* VC */,
			);
			path = Home;
			sourceTree = "<group>";
		};
		3974C3DC2B4EE0F600079530 /* Numbers */ = {
			isa = PBXGroup;
			children = (
				3974C3DD2B4EE1A800079530 /* CGFloat+Extension.swift */,
				3974C3DF2B4EE30100079530 /* Double+Extension.swift */,
				3974C3E12B4EE38100079530 /* Int+Extension.swift */,
			);
			path = Numbers;
			sourceTree = "<group>";
		};
		3974C3E32B4EE96000079530 /* VC */ = {
			isa = PBXGroup;
			children = (
				3974C3E62B4EEAD400079530 /* HomeVC.swift */,
			);
			path = VC;
			sourceTree = "<group>";
		};
		3974C3E42B4EE96900079530 /* Views */ = {
			isa = PBXGroup;
			children = (
				3974C3E52B4EE97800079530 /* Components */,
				3974C3E82B4EEAEA00079530 /* HomeView.swift */,
			);
			path = Views;
			sourceTree = "<group>";
		};
		3974C3E52B4EE97800079530 /* Components */ = {
			isa = PBXGroup;
			children = (
				3974C3ED2B4EFF6F00079530 /* HomeHeaderView.swift */,
				3974C3EF2B4F0A0D00079530 /* HomeBannerView.swift */,
			);
			path = Components;
			sourceTree = "<group>";
		};
		3974C3EA2B4EFB8900079530 /* ScrollableStack */ = {
			isa = PBXGroup;
			children = (
				3974C3EB2B4EFBA400079530 /* ScrollableStackView.swift */,
			);
			path = ScrollableStack;
			sourceTree = "<group>";
		};
		3974C3F12B4F0A5B00079530 /* Box */ = {
			isa = PBXGroup;
			children = (
				3974C3F22B4F0A6A00079530 /* BoxView.swift */,
			);
			path = Box;
			sourceTree = "<group>";
		};
		3974C3F42B4F0BFA00079530 /* UIColor */ = {
			isa = PBXGroup;
			children = (
				3974C3F52B4F0C0E00079530 /* UIColor+Extension.swift */,
			);
			path = UIColor;
			sourceTree = "<group>";
		};
		398A78DA2B4C9DBA009F6027 /* BaseButtonExtension */ = {
			isa = PBXGroup;
			children = (
			);
			path = BaseButtonExtension;
			sourceTree = "<group>";
		};
		39DE804D2B49BBA20034F517 /* TextField */ = {
			isa = PBXGroup;
			children = (
				394595C22B4ABCD60097CF7F /* BaseTextFieldExtensions */,
				39DE804E2B49BBA20034F517 /* ValidationStuff */,
				39DE80542B49BBA20034F517 /* BaseTextField+ViewModel.swift */,
				39DE80552B49BBA20034F517 /* BaseTextField+Enum.swift */,
				39DE80562B49BBA20034F517 /* BaseTextField.swift */,
			);
			path = TextField;
			sourceTree = "<group>";
		};
		39DE804E2B49BBA20034F517 /* ValidationStuff */ = {
			isa = PBXGroup;
			children = (
				39DE804F2B49BBA20034F517 /* State */,
				39DE80512B49BBA20034F517 /* Validatable */,
			);
			path = ValidationStuff;
			sourceTree = "<group>";
		};
		39DE804F2B49BBA20034F517 /* State */ = {
			isa = PBXGroup;
			children = (
				39DE80502B49BBA20034F517 /* FormValidationState.swift */,
			);
			path = State;
			sourceTree = "<group>";
		};
		39DE80512B49BBA20034F517 /* Validatable */ = {
			isa = PBXGroup;
			children = (
				39DE80532B49BBA20034F517 /* BaseValidatable.swift */,
				39DE80522B49BBA20034F517 /* EmailValidatable.swift */,
				394595C52B4ABD0C0097CF7F /* NameValidatable.swift */,
				394595C72B4ABD190097CF7F /* PasswordValidatable.swift */,
				398A78D82B4C9C5B009F6027 /* CodeValidatable.swift */,
			);
			path = Validatable;
			sourceTree = "<group>";
		};
		39DE805D2B49BBF40034F517 /* Publisher */ = {
			isa = PBXGroup;
			children = (
				39DE805E2B49BC280034F517 /* Publisher+Extension.swift */,
			);
			path = Publisher;
			sourceTree = "<group>";
		};
		39DE80602B49CF050034F517 /* Login */ = {
			isa = PBXGroup;
			children = (
				39DE80612B49CF110034F517 /* LoginVC.swift */,
			);
			path = Login;
			sourceTree = "<group>";
		};
		39DE80632B49DFB00034F517 /* UIView */ = {
			isa = PBXGroup;
			children = (
				39DE80642B49DFC30034F517 /* UIView+Extension.swift */,
			);
			path = UIView;
			sourceTree = "<group>";
		};
		39FCC2C02A8807F900A50A7A = {
			isa = PBXGroup;
			children = (
				39FCC2CB2A8807F900A50A7A /* JobSpot */,
				39FCC2CA2A8807F900A50A7A /* Products */,
			);
			sourceTree = "<group>";
		};
		39FCC2CA2A8807F900A50A7A /* Products */ = {
			isa = PBXGroup;
			children = (
				39FCC2C92A8807F900A50A7A /* JobSpot.app */,
			);
			name = Products;
			sourceTree = "<group>";
		};
		39FCC2CB2A8807F900A50A7A /* JobSpot */ = {
			isa = PBXGroup;
			children = (
				3941A48D2AFD3B1200FD5DFE /* Cores */,
				3941A4902AFD3C9000FD5DFE /* Features */,
				39FCC2E42A880CAE00A50A7A /* Home */,
				39FCC2CC2A8807F900A50A7A /* AppDelegate.swift */,
				39FCC2E12A880C5000A50A7A /* Files */,
			);
			path = JobSpot;
			sourceTree = "<group>";
		};
		39FCC2E02A880C4B00A50A7A /* SharedComponent */ = {
			isa = PBXGroup;
			children = (
				39FCC2E22A880C6F00A50A7A /* SharedComponent.swift */,
				3941A49B2AFD3EE900FD5DFE /* CustomLabels.swift */,
			);
			path = SharedComponent;
			sourceTree = "<group>";
		};
		39FCC2E12A880C5000A50A7A /* Files */ = {
			isa = PBXGroup;
			children = (
				39FCC2D52A8807FB00A50A7A /* Assets.xcassets */,
				39FCC2D72A8807FB00A50A7A /* LaunchScreen.storyboard */,
				39FCC2DA2A8807FB00A50A7A /* Info.plist */,
			);
			name = Files;
			sourceTree = "<group>";
		};
		39FCC2E42A880CAE00A50A7A /* Home */ = {
			isa = PBXGroup;
			children = (
				39FCC2E52A880CBD00A50A7A /* SubViews */,
				39FCC2D02A8807F900A50A7A /* HomeTabViewController.swift */,
			);
			path = Home;
			sourceTree = "<group>";
		};
		39FCC2E52A880CBD00A50A7A /* SubViews */ = {
			isa = PBXGroup;
			children = (
				39FCC2E62A880CF600A50A7A /* HomeHeaderViewg.swift */,
				39FCC2E82A88174400A50A7A /* HomeBannerViewd.swift */,
				3991633B2A885840003A5343 /* HomeFindJobView.swift */,
			);
			path = SubViews;
			sourceTree = "<group>";
		};
/* End PBXGroup section */

/* Begin PBXNativeTarget section */
		39FCC2C82A8807F900A50A7A /* JobSpot */ = {
			isa = PBXNativeTarget;
			buildConfigurationList = 39FCC2DD2A8807FB00A50A7A /* Build configuration list for PBXNativeTarget "JobSpot" */;
			buildPhases = (
				39FCC2C52A8807F900A50A7A /* Sources */,
				39FCC2C62A8807F900A50A7A /* Frameworks */,
				39FCC2C72A8807F900A50A7A /* Resources */,
			);
			buildRules = (
			);
			dependencies = (
			);
			name = JobSpot;
			productName = JobSpot;
			productReference = 39FCC2C92A8807F900A50A7A /* JobSpot.app */;
			productType = "com.apple.product-type.application";
		};
/* End PBXNativeTarget section */

/* Begin PBXProject section */
		39FCC2C12A8807F900A50A7A /* Project object */ = {
			isa = PBXProject;
			attributes = {
				BuildIndependentTargetsInParallel = 1;
				LastSwiftUpdateCheck = 1410;
				LastUpgradeCheck = 1410;
				TargetAttributes = {
					39FCC2C82A8807F900A50A7A = {
						CreatedOnToolsVersion = 14.1;
					};
				};
			};
			buildConfigurationList = 39FCC2C42A8807F900A50A7A /* Build configuration list for PBXProject "JobSpot" */;
			compatibilityVersion = "Xcode 14.0";
			developmentRegion = en;
			hasScannedForEncodings = 0;
			knownRegions = (
				en,
				Base,
			);
			mainGroup = 39FCC2C02A8807F900A50A7A;
			productRefGroup = 39FCC2CA2A8807F900A50A7A /* Products */;
			projectDirPath = "";
			projectRoot = "";
			targets = (
				39FCC2C82A8807F900A50A7A /* JobSpot */,
			);
		};
/* End PBXProject section */

/* Begin PBXResourcesBuildPhase section */
		39FCC2C72A8807F900A50A7A /* Resources */ = {
			isa = PBXResourcesBuildPhase;
			buildActionMask = 2147483647;
			files = (
				39FCC2D92A8807FB00A50A7A /* LaunchScreen.storyboard in Resources */,
				39FCC2D62A8807FB00A50A7A /* Assets.xcassets in Resources */,
			);
			runOnlyForDeploymentPostprocessing = 0;
		};
/* End PBXResourcesBuildPhase section */

/* Begin PBXSourcesBuildPhase section */
		39FCC2C52A8807F900A50A7A /* Sources */ = {
			isa = PBXSourcesBuildPhase;
			buildActionMask = 2147483647;
			files = (
				394595C42B4ABCF80097CF7F /* EmailTextField.swift in Sources */,
				3974C3F62B4F0C0E00079530 /* UIColor+Extension.swift in Sources */,
				3974C3F02B4F0A0D00079530 /* HomeBannerView.swift in Sources */,
				398A78D22B4C975D009F6027 /* ResetPasswordHeaderWidget.swift in Sources */,
				398A78D72B4C9BFF009F6027 /* CodeTextField.swift in Sources */,
				3974C3E72B4EEAD400079530 /* HomeVC.swift in Sources */,
				398A78D02B4C92C8009F6027 /* ResetPasswordVC.swift in Sources */,
				3974C3E02B4EE30100079530 /* Double+Extension.swift in Sources */,
				394595D42B4C52600097CF7F /* BaseButton+Emun.swift in Sources */,
				390D4BD22B5296CD004F0623 /* HomeJobCountStatsView.swift in Sources */,
				393FBD8A2B49EEA800958F14 /* LoginButtonsView.swift in Sources */,
				398A78D92B4C9C5B009F6027 /* CodeValidatable.swift in Sources */,
				394595CD2B4ACEF00097CF7F /* PasswordTextField.swift in Sources */,
				390D4BF42B55FCA3004F0623 /* JobDetailsButtonView.swift in Sources */,
				39FCC2E72A880CF600A50A7A /* HomeHeaderViewg.swift in Sources */,
				390D4BEF2B55EC78004F0623 /* JobDetailsInformationView.swift in Sources */,
				390D4BEB2B55C13F004F0623 /* JobDetailsTagView.swift in Sources */,
				39DE80572B49BBA20034F517 /* FormValidationState.swift in Sources */,
				39DE80592B49BBA20034F517 /* BaseValidatable.swift in Sources */,
				39106BEA2B253DC9009BDA0C /* String+Extension.swift in Sources */,
				390D4BE92B55C087004F0623 /* JobDetailDescriptionAndRequirements.swift in Sources */,
				390D4BDC2B545A77004F0623 /* JobOptionsView.swift in Sources */,
				3941A49A2AFD3EA600FD5DFE /* OnboardingHeaderWithImage.swift in Sources */,
				393FBD882B49EE9D00958F14 /* LogicFormsView.swift in Sources */,
				3974C3EC2B4EFBA400079530 /* ScrollableStackView.swift in Sources */,
				39011ABE2B17A0B6002056C0 /* OnboardingFooterView.swift in Sources */,
				3941A4982AFD3D4E00FD5DFE /* OnBoardingVC.swift in Sources */,
				398A78CE2B4C90D1009F6027 /* ResetPasswordView.swift in Sources */,
				394595D02B4AD0CC0097CF7F /* BaseButton.swift in Sources */,
				39106BD52B24E26D009BDA0C /* UIViewController+Extension.swift in Sources */,
				39324BF92B4C80E30022D24C /* ImageView.swift in Sources */,
				39324BF02B4C73C90022D24C /* ForgotPasswordVC.swift in Sources */,
				390D4BD72B52AF74004F0623 /* TableView.swift in Sources */,
				39FCC2D12A8807F900A50A7A /* HomeTabViewController.swift in Sources */,
				39DE805A2B49BBA20034F517 /* BaseTextField+ViewModel.swift in Sources */,
				3974C3EE2B4EFF6F00079530 /* HomeHeaderView.swift in Sources */,
				394595C62B4ABD0C0097CF7F /* NameValidatable.swift in Sources */,
				390D4BED2B55DEAE004F0623 /* JobDetailLocationView.swift in Sources */,
				39DE805B2B49BBA20034F517 /* BaseTextField+Enum.swift in Sources */,
				39DE80652B49DFC30034F517 /* UIView+Extension.swift in Sources */,
				398A78D42B4C99B3009F6027 /* ResetPasswordTextFieldAndButton.swift in Sources */,
				39106BDE2B24EA08009BDA0C /* CustomStackView.swift in Sources */,
				39DE805F2B49BC280034F517 /* Publisher+Extension.swift in Sources */,
				3991633C2A885840003A5343 /* HomeFindJobView.swift in Sources */,
				390D4BE22B55A4D7004F0623 /* JobDetailsVC.swift in Sources */,
				390D4BE72B55A6AB004F0623 /* JobDetailsHeaderView.swift in Sources */,
				39FCC2E92A88174400A50A7A /* HomeBannerViewd.swift in Sources */,
				3974C3E22B4EE38100079530 /* Int+Extension.swift in Sources */,
				39324BFB2B4C89CD0022D24C /* ForgotPasswordFieldsAndButton.swift in Sources */,
				394595C82B4ABD190097CF7F /* PasswordValidatable.swift in Sources */,
				3974C3E92B4EEAEA00079530 /* HomeView.swift in Sources */,
				39FCC2E32A880C6F00A50A7A /* SharedComponent.swift in Sources */,
				39DE80582B49BBA20034F517 /* EmailValidatable.swift in Sources */,
				390D4BE42B55A4E1004F0623 /* JobDetailsView.swift in Sources */,
				394595D22B4C51F80097CF7F /* BaseButton+ViewModel.swift in Sources */,
				393FBD8C2B49EEB200958F14 /* LoginView.swift in Sources */,
				39DE805C2B49BBA20034F517 /* BaseTextField.swift in Sources */,
				3941A49C2AFD3EE900FD5DFE /* CustomLabels.swift in Sources */,
				395FD6972B4F44F7006C539C /* UIImage+Extension.swift in Sources */,
				3974C3DE2B4EE1A800079530 /* CGFloat+Extension.swift in Sources */,
				394595CB2B4AC83B0097CF7F /* SpacerView.swift in Sources */,
				39106BED2B25B814009BDA0C /* UITextField+Extension.swift in Sources */,
				39DE80622B49CF110034F517 /* LoginVC.swift in Sources */,
				39324BF42B4C7A540022D24C /* ForgetPasswordView.swift in Sources */,
				390D4BD42B52AA4C004F0623 /* HomeRecentJobListView.swift in Sources */,
				39324BF62B4C7C4E0022D24C /* ForgotPasswordHeaderWithImageView.swift in Sources */,
				390D4BF12B55FA55004F0623 /* JobDetailFacilitiesView.swift in Sources */,
				39011ABA2B174E53002056C0 /* size_helper.swift in Sources */,
				3974C3F32B4F0A6A00079530 /* BoxView.swift in Sources */,
				393FBD862B49EDCC00958F14 /* LoginHeaderView.swift in Sources */,
				39FCC2CD2A8807F900A50A7A /* AppDelegate.swift in Sources */,
				3941A4932AFD3CD700FD5DFE /* OnboardingView.swift in Sources */,
			);
			runOnlyForDeploymentPostprocessing = 0;
		};
/* End PBXSourcesBuildPhase section */

/* Begin PBXVariantGroup section */
		39FCC2D72A8807FB00A50A7A /* LaunchScreen.storyboard */ = {
			isa = PBXVariantGroup;
			children = (
				39FCC2D82A8807FB00A50A7A /* Base */,
			);
			name = LaunchScreen.storyboard;
			sourceTree = "<group>";
		};
/* End PBXVariantGroup section */

/* Begin XCBuildConfiguration section */
		39FCC2DB2A8807FB00A50A7A /* Debug */ = {
			isa = XCBuildConfiguration;
			buildSettings = {
				ALWAYS_SEARCH_USER_PATHS = NO;
				CLANG_ANALYZER_NONNULL = YES;
				CLANG_ANALYZER_NUMBER_OBJECT_CONVERSION = YES_AGGRESSIVE;
				CLANG_CXX_LANGUAGE_STANDARD = "gnu++20";
				CLANG_ENABLE_MODULES = YES;
				CLANG_ENABLE_OBJC_ARC = YES;
				CLANG_ENABLE_OBJC_WEAK = YES;
				CLANG_WARN_BLOCK_CAPTURE_AUTORELEASING = YES;
				CLANG_WARN_BOOL_CONVERSION = YES;
				CLANG_WARN_COMMA = YES;
				CLANG_WARN_CONSTANT_CONVERSION = YES;
				CLANG_WARN_DEPRECATED_OBJC_IMPLEMENTATIONS = YES;
				CLANG_WARN_DIRECT_OBJC_ISA_USAGE = YES_ERROR;
				CLANG_WARN_DOCUMENTATION_COMMENTS = YES;
				CLANG_WARN_EMPTY_BODY = YES;
				CLANG_WARN_ENUM_CONVERSION = YES;
				CLANG_WARN_INFINITE_RECURSION = YES;
				CLANG_WARN_INT_CONVERSION = YES;
				CLANG_WARN_NON_LITERAL_NULL_CONVERSION = YES;
				CLANG_WARN_OBJC_IMPLICIT_RETAIN_SELF = YES;
				CLANG_WARN_OBJC_LITERAL_CONVERSION = YES;
				CLANG_WARN_OBJC_ROOT_CLASS = YES_ERROR;
				CLANG_WARN_QUOTED_INCLUDE_IN_FRAMEWORK_HEADER = YES;
				CLANG_WARN_RANGE_LOOP_ANALYSIS = YES;
				CLANG_WARN_STRICT_PROTOTYPES = YES;
				CLANG_WARN_SUSPICIOUS_MOVE = YES;
				CLANG_WARN_UNGUARDED_AVAILABILITY = YES_AGGRESSIVE;
				CLANG_WARN_UNREACHABLE_CODE = YES;
				CLANG_WARN__DUPLICATE_METHOD_MATCH = YES;
				COPY_PHASE_STRIP = NO;
				DEBUG_INFORMATION_FORMAT = dwarf;
				ENABLE_STRICT_OBJC_MSGSEND = YES;
				ENABLE_TESTABILITY = YES;
				GCC_C_LANGUAGE_STANDARD = gnu11;
				GCC_DYNAMIC_NO_PIC = NO;
				GCC_NO_COMMON_BLOCKS = YES;
				GCC_OPTIMIZATION_LEVEL = 0;
				GCC_PREPROCESSOR_DEFINITIONS = (
					"DEBUG=1",
					"$(inherited)",
				);
				GCC_WARN_64_TO_32_BIT_CONVERSION = YES;
				GCC_WARN_ABOUT_RETURN_TYPE = YES_ERROR;
				GCC_WARN_UNDECLARED_SELECTOR = YES;
				GCC_WARN_UNINITIALIZED_AUTOS = YES_AGGRESSIVE;
				GCC_WARN_UNUSED_FUNCTION = YES;
				GCC_WARN_UNUSED_VARIABLE = YES;
				IPHONEOS_DEPLOYMENT_TARGET = 16.1;
				MTL_ENABLE_DEBUG_INFO = INCLUDE_SOURCE;
				MTL_FAST_MATH = YES;
				ONLY_ACTIVE_ARCH = YES;
				SDKROOT = iphoneos;
				SWIFT_ACTIVE_COMPILATION_CONDITIONS = DEBUG;
				SWIFT_OPTIMIZATION_LEVEL = "-Onone";
			};
			name = Debug;
		};
		39FCC2DC2A8807FB00A50A7A /* Release */ = {
			isa = XCBuildConfiguration;
			buildSettings = {
				ALWAYS_SEARCH_USER_PATHS = NO;
				CLANG_ANALYZER_NONNULL = YES;
				CLANG_ANALYZER_NUMBER_OBJECT_CONVERSION = YES_AGGRESSIVE;
				CLANG_CXX_LANGUAGE_STANDARD = "gnu++20";
				CLANG_ENABLE_MODULES = YES;
				CLANG_ENABLE_OBJC_ARC = YES;
				CLANG_ENABLE_OBJC_WEAK = YES;
				CLANG_WARN_BLOCK_CAPTURE_AUTORELEASING = YES;
				CLANG_WARN_BOOL_CONVERSION = YES;
				CLANG_WARN_COMMA = YES;
				CLANG_WARN_CONSTANT_CONVERSION = YES;
				CLANG_WARN_DEPRECATED_OBJC_IMPLEMENTATIONS = YES;
				CLANG_WARN_DIRECT_OBJC_ISA_USAGE = YES_ERROR;
				CLANG_WARN_DOCUMENTATION_COMMENTS = YES;
				CLANG_WARN_EMPTY_BODY = YES;
				CLANG_WARN_ENUM_CONVERSION = YES;
				CLANG_WARN_INFINITE_RECURSION = YES;
				CLANG_WARN_INT_CONVERSION = YES;
				CLANG_WARN_NON_LITERAL_NULL_CONVERSION = YES;
				CLANG_WARN_OBJC_IMPLICIT_RETAIN_SELF = YES;
				CLANG_WARN_OBJC_LITERAL_CONVERSION = YES;
				CLANG_WARN_OBJC_ROOT_CLASS = YES_ERROR;
				CLANG_WARN_QUOTED_INCLUDE_IN_FRAMEWORK_HEADER = YES;
				CLANG_WARN_RANGE_LOOP_ANALYSIS = YES;
				CLANG_WARN_STRICT_PROTOTYPES = YES;
				CLANG_WARN_SUSPICIOUS_MOVE = YES;
				CLANG_WARN_UNGUARDED_AVAILABILITY = YES_AGGRESSIVE;
				CLANG_WARN_UNREACHABLE_CODE = YES;
				CLANG_WARN__DUPLICATE_METHOD_MATCH = YES;
				COPY_PHASE_STRIP = NO;
				DEBUG_INFORMATION_FORMAT = "dwarf-with-dsym";
				ENABLE_NS_ASSERTIONS = NO;
				ENABLE_STRICT_OBJC_MSGSEND = YES;
				GCC_C_LANGUAGE_STANDARD = gnu11;
				GCC_NO_COMMON_BLOCKS = YES;
				GCC_WARN_64_TO_32_BIT_CONVERSION = YES;
				GCC_WARN_ABOUT_RETURN_TYPE = YES_ERROR;
				GCC_WARN_UNDECLARED_SELECTOR = YES;
				GCC_WARN_UNINITIALIZED_AUTOS = YES_AGGRESSIVE;
				GCC_WARN_UNUSED_FUNCTION = YES;
				GCC_WARN_UNUSED_VARIABLE = YES;
				IPHONEOS_DEPLOYMENT_TARGET = 16.1;
				MTL_ENABLE_DEBUG_INFO = NO;
				MTL_FAST_MATH = YES;
				SDKROOT = iphoneos;
				SWIFT_COMPILATION_MODE = wholemodule;
				SWIFT_OPTIMIZATION_LEVEL = "-O";
				VALIDATE_PRODUCT = YES;
			};
			name = Release;
		};
		39FCC2DE2A8807FB00A50A7A /* Debug */ = {
			isa = XCBuildConfiguration;
			buildSettings = {
				ASSETCATALOG_COMPILER_APPICON_NAME = AppIcon;
				ASSETCATALOG_COMPILER_GLOBAL_ACCENT_COLOR_NAME = AccentColor;
				CODE_SIGN_STYLE = Automatic;
				CURRENT_PROJECT_VERSION = 1;
				DEVELOPMENT_TEAM = R88QX5B8GT;
				GENERATE_INFOPLIST_FILE = YES;
				INFOPLIST_FILE = JobSpot/Info.plist;
				INFOPLIST_KEY_UIApplicationSupportsIndirectInputEvents = YES;
				INFOPLIST_KEY_UILaunchStoryboardName = LaunchScreen;
				INFOPLIST_KEY_UISupportedInterfaceOrientations_iPad = "UIInterfaceOrientationPortrait UIInterfaceOrientationPortraitUpsideDown UIInterfaceOrientationLandscapeLeft UIInterfaceOrientationLandscapeRight";
				INFOPLIST_KEY_UISupportedInterfaceOrientations_iPhone = "UIInterfaceOrientationPortrait UIInterfaceOrientationLandscapeLeft UIInterfaceOrientationLandscapeRight";
				LD_RUNPATH_SEARCH_PATHS = (
					"$(inherited)",
					"@executable_path/Frameworks",
				);
				MARKETING_VERSION = 1.0;
				PRODUCT_BUNDLE_IDENTIFIER = com.kodx.JobSpot;
				PRODUCT_NAME = "$(TARGET_NAME)";
				SWIFT_EMIT_LOC_STRINGS = YES;
				SWIFT_VERSION = 5.0;
				TARGETED_DEVICE_FAMILY = "1,2";
			};
			name = Debug;
		};
		39FCC2DF2A8807FB00A50A7A /* Release */ = {
			isa = XCBuildConfiguration;
			buildSettings = {
				ASSETCATALOG_COMPILER_APPICON_NAME = AppIcon;
				ASSETCATALOG_COMPILER_GLOBAL_ACCENT_COLOR_NAME = AccentColor;
				CODE_SIGN_STYLE = Automatic;
				CURRENT_PROJECT_VERSION = 1;
				DEVELOPMENT_TEAM = R88QX5B8GT;
				GENERATE_INFOPLIST_FILE = YES;
				INFOPLIST_FILE = JobSpot/Info.plist;
				INFOPLIST_KEY_UIApplicationSupportsIndirectInputEvents = YES;
				INFOPLIST_KEY_UILaunchStoryboardName = LaunchScreen;
				INFOPLIST_KEY_UISupportedInterfaceOrientations_iPad = "UIInterfaceOrientationPortrait UIInterfaceOrientationPortraitUpsideDown UIInterfaceOrientationLandscapeLeft UIInterfaceOrientationLandscapeRight";
				INFOPLIST_KEY_UISupportedInterfaceOrientations_iPhone = "UIInterfaceOrientationPortrait UIInterfaceOrientationLandscapeLeft UIInterfaceOrientationLandscapeRight";
				LD_RUNPATH_SEARCH_PATHS = (
					"$(inherited)",
					"@executable_path/Frameworks",
				);
				MARKETING_VERSION = 1.0;
				PRODUCT_BUNDLE_IDENTIFIER = com.kodx.JobSpot;
				PRODUCT_NAME = "$(TARGET_NAME)";
				SWIFT_EMIT_LOC_STRINGS = YES;
				SWIFT_VERSION = 5.0;
				TARGETED_DEVICE_FAMILY = "1,2";
			};
			name = Release;
		};
/* End XCBuildConfiguration section */

/* Begin XCConfigurationList section */
		39FCC2C42A8807F900A50A7A /* Build configuration list for PBXProject "JobSpot" */ = {
			isa = XCConfigurationList;
			buildConfigurations = (
				39FCC2DB2A8807FB00A50A7A /* Debug */,
				39FCC2DC2A8807FB00A50A7A /* Release */,
			);
			defaultConfigurationIsVisible = 0;
			defaultConfigurationName = Release;
		};
		39FCC2DD2A8807FB00A50A7A /* Build configuration list for PBXNativeTarget "JobSpot" */ = {
			isa = XCConfigurationList;
			buildConfigurations = (
				39FCC2DE2A8807FB00A50A7A /* Debug */,
				39FCC2DF2A8807FB00A50A7A /* Release */,
			);
			defaultConfigurationIsVisible = 0;
			defaultConfigurationName = Release;
		};
/* End XCConfigurationList section */
	};
	rootObject = 39FCC2C12A8807F900A50A7A /* Project object */;
}
